
Microsoft Visual Studio Solution File, Format Version 12.00
# Visual Studio Version 17
VisualStudioVersion = 17.8.34525.116
MinimumVisualStudioVersion = 10.0.40219.1
Project("{FAE04EC0-301F-11D3-BF4B-00C04F79EFBC}") = "mdk_0101_(lab3)", "mdk_0101_(lab3).csproj", "{20602067-C9DB-40E0-8B3A-DCA53D48B44D}"
EndProject
Global
	GlobalSection(SolutionConfigurationPlatforms) = preSolution
		Debug|Any CPU = Debug|Any CPU
		Release|Any CPU = Release|Any CPU
	EndGlobalSection
	GlobalSection(ProjectConfigurationPlatforms) = postSolution
		{20602067-C9DB-40E0-8B3A-DCA53D48B44D}.Debug|Any CPU.ActiveCfg = Debug|Any CPU
		{20602067-C9DB-40E0-8B3A-DCA53D48B44D}.Debug|Any CPU.Build.0 = Debug|Any CPU
		{20602067-C9DB-40E0-8B3A-DCA53D48B44D}.Release|Any CPU.ActiveCfg = Release|Any CPU
		{20602067-C9DB-40E0-8B3A-DCA53D48B44D}.Release|Any CPU.Build.0 = Release|Any CPU
	EndGlobalSection
	GlobalSection(SolutionProperties) = preSolution
		HideSolutionNode = FALSE
	EndGlobalSection
	GlobalSection(ExtensibilityGlobals) = postSolution
		SolutionGuid = {A7322421-85D7-42DE-B952-EB1380EA7556}
	EndGlobalSection
EndGlobal
